
Microsoft Visual Studio Solution File, Format Version 12.00
# Visual Studio Version 17
VisualStudioVersion = 17.3.32901.215
MinimumVisualStudioVersion = 10.0.40219.1
Project("{FAE04EC0-301F-11D3-BF4B-00C04F79EFBC}") = "Linq_DWES_tema2", "Linq_DWES_tema2\Linq_DWES_tema2.csproj", "{6128F8A6-0E22-4C75-8943-D188DA5C035D}"
EndProject
Global
	GlobalSection(SolutionConfigurationPlatforms) = preSolution
		Debug|Any CPU = Debug|Any CPU
		Release|Any CPU = Release|Any CPU
	EndGlobalSection
	GlobalSection(ProjectConfigurationPlatforms) = postSolution
		{6128F8A6-0E22-4C75-8943-D188DA5C035D}.Debug|Any CPU.ActiveCfg = Debug|Any CPU
		{6128F8A6-0E22-4C75-8943-D188DA5C035D}.Debug|Any CPU.Build.0 = Debug|Any CPU
		{6128F8A6-0E22-4C75-8943-D188DA5C035D}.Release|Any CPU.ActiveCfg = Release|Any CPU
		{6128F8A6-0E22-4C75-8943-D188DA5C035D}.Release|Any CPU.Build.0 = Release|Any CPU
	EndGlobalSection
	GlobalSection(SolutionProperties) = preSolution
		HideSolutionNode = FALSE
	EndGlobalSection
	GlobalSection(ExtensibilityGlobals) = postSolution
		SolutionGuid = {104666C5-2A51-4D72-A746-239164F87B49}
	EndGlobalSection
EndGlobal
